
Microsoft Visual Studio Solution File, Format Version 12.00
# Visual Studio 14
VisualStudioVersion = 14.0.25420.1
MinimumVisualStudioVersion = 10.0.40219.1
Project("{FAE04EC0-301F-11D3-BF4B-00C04F79EFBC}") = "AngularTutorial", "AngularTutorial\AngularTutorial.csproj", "{519B0FDE-795D-47FE-91C6-5B6153D1978B}"
EndProject
Project("{2150E333-8FDC-42A3-9474-1A3956D46DE8}") = "Solution Items", "Solution Items", "{0D1A0D4D-7D0F-493D-B5F5-4A8A74EBA50B}"
	ProjectSection(SolutionItems) = preProject
		ReadMe.txt = ReadMe.txt
	EndProjectSection
EndProject
Global
	GlobalSection(SolutionConfigurationPlatforms) = preSolution
		Debug|Any CPU = Debug|Any CPU
		Release|Any CPU = Release|Any CPU
	EndGlobalSection
	GlobalSection(ProjectConfigurationPlatforms) = postSolution
		{519B0FDE-795D-47FE-91C6-5B6153D1978B}.Debug|Any CPU.ActiveCfg = Debug|Any CPU
		{519B0FDE-795D-47FE-91C6-5B6153D1978B}.Debug|Any CPU.Build.0 = Debug|Any CPU
		{519B0FDE-795D-47FE-91C6-5B6153D1978B}.Release|Any CPU.ActiveCfg = Release|Any CPU
		{519B0FDE-795D-47FE-91C6-5B6153D1978B}.Release|Any CPU.Build.0 = Release|Any CPU
	EndGlobalSection
	GlobalSection(SolutionProperties) = preSolution
		HideSolutionNode = FALSE
	EndGlobalSection
EndGlobal
